// !$*UTF8*$!
{
	archiveVersion = 1;
	classes = {
	};
	objectVersion = 46;
	objects = {

/* Begin PBXBuildFile section */
		D10536351D5AE5B7001B42EE /* AppDelegate.swift in Sources */ = {isa = PBXBuildFile; fileRef = D10536341D5AE5B7001B42EE /* AppDelegate.swift */; };
		D10536371D5AE5B7001B42EE /* ViewController.swift in Sources */ = {isa = PBXBuildFile; fileRef = D10536361D5AE5B7001B42EE /* ViewController.swift */; };
		D10536391D5AE5B7001B42EE /* Assets.xcassets in Resources */ = {isa = PBXBuildFile; fileRef = D10536381D5AE5B7001B42EE /* Assets.xcassets */; };
		D105363C1D5AE5B7001B42EE /* Main.storyboard in Resources */ = {isa = PBXBuildFile; fileRef = D105363A1D5AE5B7001B42EE /* Main.storyboard */; };
/* End PBXBuildFile section */

/* Begin PBXFileReference section */
		D10536311D5AE5B7001B42EE /* Transform.app */ = {isa = PBXFileReference; explicitFileType = wrapper.application; includeInIndex = 0; path = Transform.app; sourceTree = BUILT_PRODUCTS_DIR; };
		D10536341D5AE5B7001B42EE /* AppDelegate.swift */ = {isa = PBXFileReference; lastKnownFileType = sourcecode.swift; path = AppDelegate.swift; sourceTree = "<group>"; };
		D10536361D5AE5B7001B42EE /* ViewController.swift */ = {isa = PBXFileReference; lastKnownFileType = sourcecode.swift; path = ViewController.swift; sourceTree = "<group>"; };
		D10536381D5AE5B7001B42EE /* Assets.xcassets */ = {isa = PBXFileReference; lastKnownFileType = folder.assetcatalog; path = Assets.xcassets; sourceTree = "<group>"; };
		D105363B1D5AE5B7001B42EE /* Base */ = {isa = PBXFileReference; lastKnownFileType = file.storyboard; name = Base; path = Base.lproj/Main.storyboard; sourceTree = "<group>"; };
		D105363D1D5AE5B7001B42EE /* Info.plist */ = {isa = PBXFileReference; lastKnownFileType = text.plist.xml; path = Info.plist; sourceTree = "<group>"; };
		D10536431D5AE5C3001B42EE /* Transform.playground */ = {isa = PBXFileReference; lastKnownFileType = file.playground; path = Transform.playground; sourceTree = "<group>"; };
/* End PBXFileReference section */

/* Begin PBXFrameworksBuildPhase section */
		D105362E1D5AE5B7001B42EE /* Frameworks */ = {
			isa = PBXFrameworksBuildPhase;
			buildActionMask = 2147483647;
			files = (
			);
			runOnlyForDeploymentPostprocessing = 0;
		};
/* End PBXFrameworksBuildPhase section */

/* Begin PBXGroup section */
		D10536281D5AE5B7001B42EE = {
			isa = PBXGroup;
			children = (
				D10536431D5AE5C3001B42EE /* Transform.playground */,
				D10536331D5AE5B7001B42EE /* Transform */,
				D10536321D5AE5B7001B42EE /* Products */,
			);
			sourceTree = "<group>";
		};
		D10536321D5AE5B7001B42EE /* Products */ = {
			isa = PBXGroup;
			children = (
				D10536311D5AE5B7001B42EE /* Transform.app */,
			);
			name = Products;
			sourceTree = "<group>";
		};
		D10536331D5AE5B7001B42EE /* Transform */ = {
			isa = PBXGroup;
			children = (
				D10536341D5AE5B7001B42EE /* AppDelegate.swift */,
				D10536361D5AE5B7001B42EE /* ViewController.swift */,
				D10536381D5AE5B7001B42EE /* Assets.xcassets */,
				D105363A1D5AE5B7001B42EE /* Main.storyboard */,
				D105363D1D5AE5B7001B42EE /* Info.plist */,
			);
			path = Transform;
			sourceTree = "<group>";
		};
/* End PBXGroup section */

/* Begin PBXNativeTarget section */
		D10536301D5AE5B7001B42EE /* Transform */ = {
			isa = PBXNativeTarget;
			buildConfigurationList = D10536401D5AE5B7001B42EE /* Build configuration list for PBXNativeTarget "Transform" */;
			buildPhases = (
				D105362D1D5AE5B7001B42EE /* Sources */,
				D105362E1D5AE5B7001B42EE /* Frameworks */,
				D105362F1D5AE5B7001B42EE /* Resources */,
			);
			buildRules = (
			);
			dependencies = (
			);
			name = Transform;
			productName = Transform;
			productReference = D10536311D5AE5B7001B42EE /* Transform.app */;
			productType = "com.apple.product-type.application";
		};
/* End PBXNativeTarget section */

/* Begin PBXProject section */
		D10536291D5AE5B7001B42EE /* Project object */ = {
			isa = PBXProject;
			attributes = {
				LastSwiftUpdateCheck = 0730;
				LastUpgradeCheck = 0730;
				ORGANIZATIONNAME = "STAY REAL LIMITED";
				TargetAttributes = {
					D10536301D5AE5B7001B42EE = {
						CreatedOnToolsVersion = 7.3.1;
					};
				};
			};
			buildConfigurationList = D105362C1D5AE5B7001B42EE /* Build configuration list for PBXProject "Transform" */;
			compatibilityVersion = "Xcode 3.2";
			developmentRegion = English;
			hasScannedForEncodings = 0;
			knownRegions = (
				en,
				Base,
			);
			mainGroup = D10536281D5AE5B7001B42EE;
			productRefGroup = D10536321D5AE5B7001B42EE /* Products */;
			projectDirPath = "";
			projectRoot = "";
			targets = (
				D10536301D5AE5B7001B42EE /* Transform */,
			);
		};
/* End PBXProject section */

/* Begin PBXResourcesBuildPhase section */
		D105362F1D5AE5B7001B42EE /* Resources */ = {
			isa = PBXResourcesBuildPhase;
			buildActionMask = 2147483647;
			files = (
				D10536391D5AE5B7001B42EE /* Assets.xcassets in Resources */,
				D105363C1D5AE5B7001B42EE /* Main.storyboard in Resources */,
			);
			runOnlyForDeploymentPostprocessing = 0;
		};
/* End PBXResourcesBuildPhase section */

/* Begin PBXSourcesBuildPhase section */
		D105362D1D5AE5B7001B42EE /* Sources */ = {
			isa = PBXSourcesBuildPhase;
			buildActionMask = 2147483647;
			files = (
				D10536371D5AE5B7001B42EE /* ViewController.swift in Sources */,
				D10536351D5AE5B7001B42EE /* AppDelegate.swift in Sources */,
			);
			runOnlyForDeploymentPostprocessing = 0;
		};
/* End PBXSourcesBuildPhase section */

/* Begin PBXVariantGroup section */
		D105363A1D5AE5B7001B42EE /* Main.storyboard */ = {
			isa = PBXVariantGroup;
			children = (
				D105363B1D5AE5B7001B42EE /* Base */,
			);
			name = Main.storyboard;
			sourceTree = "<group>";
		};
/* End PBXVariantGroup section */

/* Begin XCBuildConfiguration section */
		D105363E1D5AE5B7001B42EE /* Debug */ = {
			isa = XCBuildConfiguration;
			buildSettings = {
				ALWAYS_SEARCH_USER_PATHS = NO;
				CLANG_ANALYZER_NONNULL = YES;
				CLANG_CXX_LANGUAGE_STANDARD = "gnu++0x";
				CLANG_CXX_LIBRARY = "libc++";
				CLANG_ENABLE_MODULES = YES;
				CLANG_ENABLE_OBJC_ARC = YES;
				CLANG_WARN_BOOL_CONVERSION = YES;
				CLANG_WARN_CONSTANT_CONVERSION = YES;
				CLANG_WARN_DIRECT_OBJC_ISA_USAGE = YES_ERROR;
				CLANG_WARN_EMPTY_BODY = YES;
				CLANG_WARN_ENUM_CONVERSION = YES;
				CLANG_WARN_INT_CONVERSION = YES;
				CLANG_WARN_OBJC_ROOT_CLASS = YES_ERROR;
				CLANG_WARN_UNREACHABLE_CODE = YES;
				CLANG_WARN__DUPLICATE_METHOD_MATCH = YES;
				CODE_SIGN_IDENTITY = "-";
				COPY_PHASE_STRIP = NO;
				DEBUG_INFORMATION_FORMAT = dwarf;
				ENABLE_STRICT_OBJC_MSGSEND = YES;
				ENABLE_TESTABILITY = YES;
				GCC_C_LANGUAGE_STANDARD = gnu99;
				GCC_DYNAMIC_NO_PIC = NO;
				GCC_NO_COMMON_BLOCKS = YES;
				GCC_OPTIMIZATION_LEVEL = 0;
				GCC_PREPROCESSOR_DEFINITIONS = (
					"DEBUG=1",
					"$(inherited)",
				);
				GCC_WARN_64_TO_32_BIT_CONVERSION = YES;
				GCC_WARN_ABOUT_RETURN_TYPE = YES_ERROR;
				GCC_WARN_UNDECLARED_SELECTOR = YES;
				GCC_WARN_UNINITIALIZED_AUTOS = YES_AGGRESSIVE;
				GCC_WARN_UNUSED_FUNCTION = YES;
				GCC_WARN_UNUSED_VARIABLE = YES;
				MACOSX_DEPLOYMENT_TARGET = 10.11;
				MTL_ENABLE_DEBUG_INFO = YES;
				ONLY_ACTIVE_ARCH = YES;
				SDKROOT = macosx;
				SWIFT_OPTIMIZATION_LEVEL = "-Onone";
			};
			name = Debug;
		};
		D105363F1D5AE5B7001B42EE /* Release */ = {
			isa = XCBuildConfiguration;
			buildSettings = {
				ALWAYS_SEARCH_USER_PATHS = NO;
				CLANG_ANALYZER_NONNULL = YES;
				CLANG_CXX_LANGUAGE_STANDARD = "gnu++0x";
				CLANG_CXX_LIBRARY = "libc++";
				CLANG_ENABLE_MODULES = YES;
				CLANG_ENABLE_OBJC_ARC = YES;
				CLANG_WARN_BOOL_CONVERSION = YES;
				CLANG_WARN_CONSTANT_CONVERSION = YES;
				CLANG_WARN_DIRECT_OBJC_ISA_USAGE = YES_ERROR;
				CLANG_WARN_EMPTY_BODY = YES;
				CLANG_WARN_ENUM_CONVERSION = YES;
				CLANG_WARN_INT_CONVERSION = YES;
				CLANG_WARN_OBJC_ROOT_CLASS = YES_ERROR;
				CLANG_WARN_UNREACHABLE_CODE = YES;
				CLANG_WARN__DUPLICATE_METHOD_MATCH = YES;
				CODE_SIGN_IDENTITY = "-";
				COPY_PHASE_STRIP = NO;
				DEBUG_INFORMATION_FORMAT = "dwarf-with-dsym";
				ENABLE_NS_ASSERTIONS = NO;
				ENABLE_STRICT_OBJC_MSGSEND = YES;
				GCC_C_LANGUAGE_STANDARD = gnu99;
				GCC_NO_COMMON_BLOCKS = YES;
				GCC_WARN_64_TO_32_BIT_CONVERSION = YES;
				GCC_WARN_ABOUT_RETURN_TYPE = YES_ERROR;
				GCC_WARN_UNDECLARED_SELECTOR = YES;
				GCC_WARN_UNINITIALIZED_AUTOS = YES_AGGRESSIVE;
				GCC_WARN_UNUSED_FUNCTION = YES;
				GCC_WARN_UNUSED_VARIABLE = YES;
				MACOSX_DEPLOYMENT_TARGET = 10.11;
				MTL_ENABLE_DEBUG_INFO = NO;
				SDKROOT = macosx;
			};
			name = Release;
		};
		D10536411D5AE5B7001B42EE /* Debug */ = {
			isa = XCBuildConfiguration;
			buildSettings = {
				ASSETCATALOG_COMPILER_APPICON_NAME = AppIcon;
				COMBINE_HIDPI_IMAGES = YES;
				INFOPLIST_FILE = Transform/Info.plist;
				LD_RUNPATH_SEARCH_PATHS = "$(inherited) @executable_path/../Frameworks";
				PRODUCT_BUNDLE_IDENTIFIER = com.stayrealhk.Transform;
				PRODUCT_NAME = "$(TARGET_NAME)";
			};
			name = Debug;
		};
		D10536421D5AE5B7001B42EE /* Release */ = {
			isa = XCBuildConfiguration;
			buildSettings = {
				ASSETCATALOG_COMPILER_APPICON_NAME = AppIcon;
				COMBINE_HIDPI_IMAGES = YES;
				INFOPLIST_FILE = Transform/Info.plist;
				LD_RUNPATH_SEARCH_PATHS = "$(inherited) @executable_path/../Frameworks";
				PRODUCT_BUNDLE_IDENTIFIER = com.stayrealhk.Transform;
				PRODUCT_NAME = "$(TARGET_NAME)";
			};
			name = Release;
		};
/* End XCBuildConfiguration section */

/* Begin XCConfigurationList section */
		D105362C1D5AE5B7001B42EE /* Build configuration list for PBXProject "Transform" */ = {
			isa = XCConfigurationList;
			buildConfigurations = (
				D105363E1D5AE5B7001B42EE /* Debug */,
				D105363F1D5AE5B7001B42EE /* Release */,
			);
			defaultConfigurationIsVisible = 0;
			defaultConfigurationName = Release;
		};
		D10536401D5AE5B7001B42EE /* Build configuration list for PBXNativeTarget "Transform" */ = {
			isa = XCConfigurationList;
			buildConfigurations = (
				D10536411D5AE5B7001B42EE /* Debug */,
				D10536421D5AE5B7001B42EE /* Release */,
			);
			defaultConfigurationIsVisible = 0;
		};
/* End XCConfigurationList section */
	};
	rootObject = D10536291D5AE5B7001B42EE /* Project object */;
}
